
Microsoft Visual Studio Solution File, Format Version 12.00
# Visual Studio Version 16
VisualStudioVersion = 16.0.31424.327
MinimumVisualStudioVersion = 10.0.40219.1
Project("{FAE04EC0-301F-11D3-BF4B-00C04F79EFBC}") = "Money Maker", "Money Maker\Money Maker.csproj", "{569E3ADE-B5F6-4D45-9DCB-FB164D557691}"
EndProject
Global
	GlobalSection(SolutionConfigurationPlatforms) = preSolution
		Debug|Any CPU = Debug|Any CPU
		Release|Any CPU = Release|Any CPU
	EndGlobalSection
	GlobalSection(ProjectConfigurationPlatforms) = postSolution
		{569E3ADE-B5F6-4D45-9DCB-FB164D557691}.Debug|Any CPU.ActiveCfg = Debug|Any CPU
		{569E3ADE-B5F6-4D45-9DCB-FB164D557691}.Debug|Any CPU.Build.0 = Debug|Any CPU
		{569E3ADE-B5F6-4D45-9DCB-FB164D557691}.Release|Any CPU.ActiveCfg = Release|Any CPU
		{569E3ADE-B5F6-4D45-9DCB-FB164D557691}.Release|Any CPU.Build.0 = Release|Any CPU
	EndGlobalSection
	GlobalSection(SolutionProperties) = preSolution
		HideSolutionNode = FALSE
	EndGlobalSection
	GlobalSection(ExtensibilityGlobals) = postSolution
		SolutionGuid = {8F035D4E-5249-44CC-952B-00AAB4C90A21}
	EndGlobalSection
EndGlobal
